
Microsoft Visual Studio Solution File, Format Version 12.00
# Visual Studio Version 16
VisualStudioVersion = 16.0.30621.155
MinimumVisualStudioVersion = 10.0.40219.1
Project("{FAE04EC0-301F-11D3-BF4B-00C04F79EFBC}") = "RealPhone", "RealPhone\RealPhone.csproj", "{EA6BB446-8EF8-4214-A0D8-5182C35A49C3}"
EndProject
Global
	GlobalSection(SolutionConfigurationPlatforms) = preSolution
		Debug|Any CPU = Debug|Any CPU
		Release|Any CPU = Release|Any CPU
	EndGlobalSection
	GlobalSection(ProjectConfigurationPlatforms) = postSolution
		{EA6BB446-8EF8-4214-A0D8-5182C35A49C3}.Debug|Any CPU.ActiveCfg = Debug|Any CPU
		{EA6BB446-8EF8-4214-A0D8-5182C35A49C3}.Debug|Any CPU.Build.0 = Debug|Any CPU
		{EA6BB446-8EF8-4214-A0D8-5182C35A49C3}.Release|Any CPU.ActiveCfg = Release|Any CPU
		{EA6BB446-8EF8-4214-A0D8-5182C35A49C3}.Release|Any CPU.Build.0 = Release|Any CPU
	EndGlobalSection
	GlobalSection(SolutionProperties) = preSolution
		HideSolutionNode = FALSE
	EndGlobalSection
	GlobalSection(ExtensibilityGlobals) = postSolution
		SolutionGuid = {87FD863C-9498-4F62-BC6D-2C1334811A3A}
	EndGlobalSection
EndGlobal
